<?xml version="1.0" encoding="utf-8"?>
<Project ToolsVersion="4.0" xmlns="http://schemas.microsoft.com/developer/msbuild/2003">
  <ItemGroup>
    <Filter Include="src">
      <UniqueIdentifier>{c4d4da1c-81e2-4944-901c-200e1c4d80e5}</UniqueIdentifier>
    </Filter>
    <Filter Include="res">
      <UniqueIdentifier>{4a30ac71-e135-47d3-9f56-baac7cffe64c}</UniqueIdentifier>
    </Filter>
    <Filter Include="res\shaders">
      <UniqueIdentifier>{be0b36f1-49ed-4a06-9f1f-57c654a554fe}</UniqueIdentifier>
    </Filter>
    <Filter Include="res\materials">
      <UniqueIdentifier>{b5f23c37-1023-4796-ba7b-b45aa30d67b6}</UniqueIdentifier>
    </Filter>
    <Filter Include="res\ui">
      <UniqueIdentifier>{eb377577-593a-469f-9361-b6950a99e431}</UniqueIdentifier>
    </Filter>
    <Filter Include="src\ai">
      <UniqueIdentifier>{85e68d8a-8f4b-4b22-89b9-baff7207befd}</UniqueIdentifier>
    </Filter>
    <Filter Include="src\animation">
      <UniqueIdentifier>{ff35fc00-9b37-470e-98ac-d958b8c3e1ee}</UniqueIdentifier>
    </Filter>
    <Filter Include="src\audio">
      <UniqueIdentifier>{c705443d-7f4c-45ec-a7c6-3fff234cbab2}</UniqueIdentifier>
    </Filter>
    <Filter Include="src\framework">
      <UniqueIdentifier>{d469c9ac-f9c3-4ca1-b38f-1e64dc428fb7}</UniqueIdentifier>
    </Filter>
    <Filter Include="src\graphics">
      <UniqueIdentifier>{4418d829-6568-4f6b-a8a4-d8fb4c8fe40b}</UniqueIdentifier>
    </Filter>
    <Filter Include="src\input">
      <UniqueIdentifier>{f635b70a-e451-4016-b3a8-ef119af01c59}</UniqueIdentifier>
    </Filter>
    <Filter Include="src\math">
      <UniqueIdentifier>{38d7fe3a-c792-4976-83cd-dc10fd64a250}</UniqueIdentifier>
    </Filter>
    <Filter Include="src\physics">
      <UniqueIdentifier>{defb8622-8f75-4332-9339-0b11b4b641c8}</UniqueIdentifier>
    </Filter>
    <Filter Include="src\scene">
      <UniqueIdentifier>{c1913b2b-e7a8-4836-8935-4c2f4317dbb0}</UniqueIdentifier>
    </Filter>
    <Filter Include="src\ui">
      <UniqueIdentifier>{ae7e835e-0937-4695-a4fa-8dec95d97add}</UniqueIdentifier>
    </Filter>
    <Filter Include="src\utils">
      <UniqueIdentifier>{1293cde2-635c-4fc4-bb51-b819189a2773}</UniqueIdentifier>
    </Filter>
    <Filter Include="src\scripting">
      <UniqueIdentifier>{9271f307-eecb-48a5-8716-fa59a13448fd}</UniqueIdentifier>
    </Filter>
    <Filter Include="src\renderer">
      <UniqueIdentifier>{a3d36c38-3849-42c5-afd1-c00f8c94725e}</UniqueIdentifier>
    </Filter>
  </ItemGroup>
  <ItemGroup>
    <None Include="res\shaders\colored.frag">
      <Filter>res\shaders</Filter>
    </None>
    <None Include="res\shaders\colored.vert">
      <Filter>res\shaders</Filter>
    </None>
    <None Include="res\shaders\font.frag">
      <Filter>res\shaders</Filter>
    </None>
    <None Include="res\shaders\font.vert">
      <Filter>res\shaders</Filter>
    </None>
    <None Include="res\shaders\form.frag">
      <Filter>res\shaders</Filter>
    </None>
    <None Include="res\shaders\form.vert">
      <Filter>res\shaders</Filter>
    </None>
    <None Include="res\shaders\lighting.frag">
      <Filter>res\shaders</Filter>
    </None>
    <None Include="res\shaders\lighting.vert">
      <Filter>res\shaders</Filter>
    </None>
    <None Include="res\shaders\sprite.frag">
      <Filter>res\shaders</Filter>
    </None>
    <None Include="res\shaders\sprite.vert">
      <Filter>res\shaders</Filter>
    </None>
    <None Include="res\shaders\terrain.frag">
      <Filter>res\shaders</Filter>
    </None>
    <None Include="res\shaders\terrain.vert">
      <Filter>res\shaders</Filter>
    </None>
    <None Include="res\shaders\textured.frag">
      <Filter>res\shaders</Filter>
    </None>
    <None Include="res\shaders\textured.vert">
      <Filter>res\shaders</Filter>
    </None>
    <None Include="res\shaders\skinning.vert">
      <Filter>res\shaders</Filter>
    </None>
    <None Include="res\shaders\skinning-none.vert">
      <Filter>res\shaders</Filter>
    </None>
    <None Include="res\materials\terrain.material">
      <Filter>res\materials</Filter>
    </None>
    <None Include="res\ui\default.theme">
      <Filter>res\ui</Filter>
    </None>
    <None Include="src\framework\Game.inl">
      <Filter>src\framework</Filter>
    </None>
    <None Include="src\framework\gameplay.dox">
      <Filter>src\framework</Filter>
    </None>
    <None Include="src\graphics\BoundingBox.inl">
      <Filter>src\graphics</Filter>
    </None>
    <None Include="src\graphics\BoundingSphere.inl">
      <Filter>src\graphics</Filter>
    </None>
    <None Include="src\graphics\MeshBatch.inl">
      <Filter>src\graphics</Filter>
    </None>
    <None Include="src\graphics\Plane.inl">
      <Filter>src\graphics</Filter>
    </None>
    <None Include="src\graphics\Ray.inl">
      <Filter>src\graphics</Filter>
    </None>
    <None Include="src\math\MathUtil.inl">
      <Filter>src\math</Filter>
    </None>
    <None Include="src\math\MathUtilNeon.inl">
      <Filter>src\math</Filter>
    </None>
    <None Include="src\math\Matrix.inl">
      <Filter>src\math</Filter>
    </None>
    <None Include="src\math\Quaternion.inl">
      <Filter>src\math</Filter>
    </None>
    <None Include="src\math\Vector2.inl">
      <Filter>src\math</Filter>
    </None>
    <None Include="src\math\Vector3.inl">
      <Filter>src\math</Filter>
    </None>
    <None Include="src\math\Vector4.inl">
      <Filter>src\math</Filter>
    </None>
    <None Include="src\ui\Image.inl">
      <Filter>src\ui</Filter>
    </None>
    <None Include="src\physics\PhysicsConstraint.inl">
      <Filter>src\physics</Filter>
    </None>
    <None Include="src\physics\PhysicsFixedConstraint.inl">
      <Filter>src\physics</Filter>
    </None>
    <None Include="src\physics\PhysicsGenericConstraint.inl">
      <Filter>src\physics</Filter>
    </None>
    <None Include="src\physics\PhysicsRigidBody.inl">
      <Filter>src\physics</Filter>
    </None>
    <None Include="src\physics\PhysicsSpringConstraint.inl">
      <Filter>src\physics</Filter>
    </None>
    <None Include="src\scripting\ScriptController.inl">
      <Filter>src\scripting</Filter>
    </None>
    <None Include="cpp.hint" />
  </ItemGroup>
  <ItemGroup>
    <Image Include="res\ui\default-theme.png">
      <Filter>res\ui</Filter>
    </Image>
  </ItemGroup>
  <ItemGroup>
    <ClCompile Include="src\ai\AIAgent.cpp">
      <Filter>src\ai</Filter>
    </ClCompile>
    <ClCompile Include="src\ai\AIController.cpp">
      <Filter>src\ai</Filter>
    </ClCompile>
    <ClCompile Include="src\ai\AIMessage.cpp">
      <Filter>src\ai</Filter>
    </ClCompile>
    <ClCompile Include="src\ai\AIState.cpp">
      <Filter>src\ai</Filter>
    </ClCompile>
    <ClCompile Include="src\ai\AIStateMachine.cpp">
      <Filter>src\ai</Filter>
    </ClCompile>
    <ClCompile Include="src\animation\Animation.cpp">
      <Filter>src\animation</Filter>
    </ClCompile>
    <ClCompile Include="src\animation\AnimationClip.cpp">
      <Filter>src\animation</Filter>
    </ClCompile>
    <ClCompile Include="src\animation\AnimationController.cpp">
      <Filter>src\animation</Filter>
    </ClCompile>
    <ClCompile Include="src\animation\AnimationTarget.cpp">
      <Filter>src\animation</Filter>
    </ClCompile>
    <ClCompile Include="src\animation\AnimationValue.cpp">
      <Filter>src\animation</Filter>
    </ClCompile>
    <ClCompile Include="src\animation\Joint.cpp">
      <Filter>src\animation</Filter>
    </ClCompile>
    <ClCompile Include="src\audio\AudioBuffer.cpp">
      <Filter>src\audio</Filter>
    </ClCompile>
    <ClCompile Include="src\audio\AudioController.cpp">
      <Filter>src\audio</Filter>
    </ClCompile>
    <ClCompile Include="src\audio\AudioListener.cpp">
      <Filter>src\audio</Filter>
    </ClCompile>
    <ClCompile Include="src\audio\AudioSource.cpp">
      <Filter>src\audio</Filter>
    </ClCompile>
    <ClCompile Include="src\framework\FileSystem.cpp">
      <Filter>src\framework</Filter>
    </ClCompile>
    <ClCompile Include="src\framework\Game.cpp">
      <Filter>src\framework</Filter>
    </ClCompile>
    <ClCompile Include="src\framework\gameplay-main-windows.cpp">
      <Filter>src\framework</Filter>
    </ClCompile>
    <ClCompile Include="src\framework\Platform.cpp">
      <Filter>src\framework</Filter>
    </ClCompile>
    <ClCompile Include="src\framework\PlatformWindows.cpp">
      <Filter>src\framework</Filter>
    </ClCompile>
    <ClCompile Include="src\framework\ScreenDisplayer.cpp">
      <Filter>src\framework</Filter>
    </ClCompile>
    <ClCompile Include="src\graphics\BoundingBox.cpp">
      <Filter>src\graphics</Filter>
    </ClCompile>
    <ClCompile Include="src\graphics\BoundingSphere.cpp">
      <Filter>src\graphics</Filter>
    </ClCompile>
    <ClCompile Include="src\graphics\Curve.cpp">
      <Filter>src\graphics</Filter>
    </ClCompile>
    <ClCompile Include="src\graphics\Drawable.cpp">
      <Filter>src\graphics</Filter>
    </ClCompile>
    <ClCompile Include="src\graphics\Effect.cpp">
      <Filter>src\graphics</Filter>
    </ClCompile>
    <ClCompile Include="src\graphics\Frustum.cpp">
      <Filter>src\graphics</Filter>
    </ClCompile>
    <ClCompile Include="src\graphics\HeightField.cpp">
      <Filter>src\graphics</Filter>
    </ClCompile>
    <ClCompile Include="src\graphics\Light.cpp">
      <Filter>src\graphics</Filter>
    </ClCompile>
    <ClCompile Include="src\graphics\Mesh.cpp">
      <Filter>src\graphics</Filter>
    </ClCompile>
    <ClCompile Include="src\graphics\MeshBatch.cpp">
      <Filter>src\graphics</Filter>
    </ClCompile>
    <ClCompile Include="src\graphics\MeshPart.cpp">
      <Filter>src\graphics</Filter>
    </ClCompile>
    <ClCompile Include="src\graphics\MeshSkin.cpp">
      <Filter>src\graphics</Filter>
    </ClCompile>
    <ClCompile Include="src\graphics\Model.cpp">
      <Filter>src\graphics</Filter>
    </ClCompile>
    <ClCompile Include="src\graphics\ParticleEmitter.cpp">
      <Filter>src\graphics</Filter>
    </ClCompile>
    <ClCompile Include="src\graphics\Plane.cpp">
      <Filter>src\graphics</Filter>
    </ClCompile>
    <ClCompile Include="src\graphics\Ray.cpp">
      <Filter>src\graphics</Filter>
    </ClCompile>
    <ClCompile Include="src\graphics\Rectangle.cpp">
      <Filter>src\graphics</Filter>
    </ClCompile>
    <ClCompile Include="src\graphics\SpriteBatch.cpp">
      <Filter>src\graphics</Filter>
    </ClCompile>
    <ClCompile Include="src\graphics\Terrain.cpp">
      <Filter>src\graphics</Filter>
    </ClCompile>
    <ClCompile Include="src\graphics\TerrainPatch.cpp">
      <Filter>src\graphics</Filter>
    </ClCompile>
    <ClCompile Include="src\graphics\TileSet.cpp">
      <Filter>src\graphics</Filter>
    </ClCompile>
    <ClCompile Include="src\input\Gamepad.cpp">
      <Filter>src\input</Filter>
    </ClCompile>
    <ClCompile Include="src\input\ImageControl.cpp">
      <Filter>src\input</Filter>
    </ClCompile>
    <ClCompile Include="src\input\JoystickControl.cpp">
      <Filter>src\input</Filter>
    </ClCompile>
    <ClCompile Include="src\math\MathUtil.cpp">
      <Filter>src\math</Filter>
    </ClCompile>
    <ClCompile Include="src\math\Matrix.cpp">
      <Filter>src\math</Filter>
    </ClCompile>
    <ClCompile Include="src\math\Quaternion.cpp">
      <Filter>src\math</Filter>
    </ClCompile>
    <ClCompile Include="src\math\Transform.cpp">
      <Filter>src\math</Filter>
    </ClCompile>
    <ClCompile Include="src\math\Vector2.cpp">
      <Filter>src\math</Filter>
    </ClCompile>
    <ClCompile Include="src\math\Vector3.cpp">
      <Filter>src\math</Filter>
    </ClCompile>
    <ClCompile Include="src\math\Vector4.cpp">
      <Filter>src\math</Filter>
    </ClCompile>
    <ClCompile Include="src\utils\DebugNew.cpp">
      <Filter>src\utils</Filter>
    </ClCompile>
    <ClCompile Include="src\utils\Logger.cpp">
      <Filter>src\utils</Filter>
    </ClCompile>
    <ClCompile Include="src\utils\Ref.cpp">
      <Filter>src\utils</Filter>
    </ClCompile>
    <ClCompile Include="src\ui\AbsoluteLayout.cpp">
      <Filter>src\ui</Filter>
    </ClCompile>
    <ClCompile Include="src\ui\Button.cpp">
      <Filter>src\ui</Filter>
    </ClCompile>
    <ClCompile Include="src\ui\CheckBox.cpp">
      <Filter>src\ui</Filter>
    </ClCompile>
    <ClCompile Include="src\ui\Container.cpp">
      <Filter>src\ui</Filter>
    </ClCompile>
    <ClCompile Include="src\ui\Control.cpp">
      <Filter>src\ui</Filter>
    </ClCompile>
    <ClCompile Include="src\ui\ControlFactory.cpp">
      <Filter>src\ui</Filter>
    </ClCompile>
    <ClCompile Include="src\ui\FlowLayout.cpp">
      <Filter>src\ui</Filter>
    </ClCompile>
    <ClCompile Include="src\ui\Form.cpp">
      <Filter>src\ui</Filter>
    </ClCompile>
    <ClCompile Include="src\ui\Image.cpp">
      <Filter>src\ui</Filter>
    </ClCompile>
    <ClCompile Include="src\ui\Label.cpp">
      <Filter>src\ui</Filter>
    </ClCompile>
    <ClCompile Include="src\ui\Layout.cpp">
      <Filter>src\ui</Filter>
    </ClCompile>
    <ClCompile Include="src\ui\RadioButton.cpp">
      <Filter>src\ui</Filter>
    </ClCompile>
    <ClCompile Include="src\ui\Slider.cpp">
      <Filter>src\ui</Filter>
    </ClCompile>
    <ClCompile Include="src\ui\Sprite.cpp">
      <Filter>src\ui</Filter>
    </ClCompile>
    <ClCompile Include="src\ui\TextBox.cpp">
      <Filter>src\ui</Filter>
    </ClCompile>
    <ClCompile Include="src\ui\Theme.cpp">
      <Filter>src\ui</Filter>
    </ClCompile>
    <ClCompile Include="src\ui\ThemeStyle.cpp">
      <Filter>src\ui</Filter>
    </ClCompile>
    <ClCompile Include="src\ui\VerticalLayout.cpp">
      <Filter>src\ui</Filter>
    </ClCompile>
    <ClCompile Include="src\scene\Bundle.cpp">
      <Filter>src\scene</Filter>
    </ClCompile>
    <ClCompile Include="src\scene\Node.cpp">
      <Filter>src\scene</Filter>
    </ClCompile>
    <ClCompile Include="src\scene\Properties.cpp">
      <Filter>src\scene</Filter>
    </ClCompile>
    <ClCompile Include="src\scene\Scene.cpp">
      <Filter>src\scene</Filter>
    </ClCompile>
    <ClCompile Include="src\scene\SceneLoader.cpp">
      <Filter>src\scene</Filter>
    </ClCompile>
    <ClCompile Include="src\physics\PhysicsCharacter.cpp">
      <Filter>src\physics</Filter>
    </ClCompile>
    <ClCompile Include="src\physics\PhysicsCollisionObject.cpp">
      <Filter>src\physics</Filter>
    </ClCompile>
    <ClCompile Include="src\physics\PhysicsCollisionShape.cpp">
      <Filter>src\physics</Filter>
    </ClCompile>
    <ClCompile Include="src\physics\PhysicsConstraint.cpp">
      <Filter>src\physics</Filter>
    </ClCompile>
    <ClCompile Include="src\physics\PhysicsController.cpp">
      <Filter>src\physics</Filter>
    </ClCompile>
    <ClCompile Include="src\physics\PhysicsFixedConstraint.cpp">
      <Filter>src\physics</Filter>
    </ClCompile>
    <ClCompile Include="src\physics\PhysicsGenericConstraint.cpp">
      <Filter>src\physics</Filter>
    </ClCompile>
    <ClCompile Include="src\physics\PhysicsGhostObject.cpp">
      <Filter>src\physics</Filter>
    </ClCompile>
    <ClCompile Include="src\physics\PhysicsHingeConstraint.cpp">
      <Filter>src\physics</Filter>
    </ClCompile>
    <ClCompile Include="src\physics\PhysicsRigidBody.cpp">
      <Filter>src\physics</Filter>
    </ClCompile>
    <ClCompile Include="src\physics\PhysicsSocketConstraint.cpp">
      <Filter>src\physics</Filter>
    </ClCompile>
    <ClCompile Include="src\physics\PhysicsSpringConstraint.cpp">
      <Filter>src\physics</Filter>
    </ClCompile>
    <ClCompile Include="src\physics\PhysicsVehicle.cpp">
      <Filter>src\physics</Filter>
    </ClCompile>
    <ClCompile Include="src\physics\PhysicsVehicleWheel.cpp">
      <Filter>src\physics</Filter>
    </ClCompile>
    <ClCompile Include="src\scripting\Script.cpp">
      <Filter>src\scripting</Filter>
    </ClCompile>
    <ClCompile Include="src\scripting\ScriptController.cpp">
      <Filter>src\scripting</Filter>
    </ClCompile>
    <ClCompile Include="src\scripting\ScriptTarget.cpp">
      <Filter>src\scripting</Filter>
    </ClCompile>
    <ClCompile Include="src\renderer\Camera.cpp">
      <Filter>src\renderer</Filter>
    </ClCompile>
    <ClCompile Include="src\renderer\DepthStencilTarget.cpp">
      <Filter>src\renderer</Filter>
    </ClCompile>
    <ClCompile Include="src\renderer\FrameBuffer.cpp">
      <Filter>src\renderer</Filter>
    </ClCompile>
    <ClCompile Include="src\renderer\Material.cpp">
      <Filter>src\renderer</Filter>
    </ClCompile>
    <ClCompile Include="src\renderer\MaterialParameter.cpp">
      <Filter>src\renderer</Filter>
    </ClCompile>
    <ClCompile Include="src\renderer\Pass.cpp">
      <Filter>src\renderer</Filter>
    </ClCompile>
    <ClCompile Include="src\renderer\Technique.cpp">
      <Filter>src\renderer</Filter>
    </ClCompile>
    <ClCompile Include="src\renderer\Text.cpp">
      <Filter>src\renderer</Filter>
    </ClCompile>
    <ClCompile Include="src\renderer\Texture.cpp">
      <Filter>src\renderer</Filter>
    </ClCompile>
    <ClCompile Include="src\renderer\VertexAttributeBinding.cpp">
      <Filter>src\renderer</Filter>
    </ClCompile>
    <ClCompile Include="src\renderer\VertexFormat.cpp">
      <Filter>src\renderer</Filter>
    </ClCompile>
    <ClCompile Include="src\renderer\RenderState.cpp">
      <Filter>src\renderer</Filter>
    </ClCompile>
    <ClCompile Include="src\renderer\RenderTarget.cpp">
      <Filter>src\renderer</Filter>
    </ClCompile>
    <ClCompile Include="src\renderer\Font.cpp">
      <Filter>src\renderer</Filter>
    </ClCompile>
  </ItemGroup>
  <ItemGroup>
    <ClInclude Include="src\ai\AIAgent.h">
      <Filter>src\ai</Filter>
    </ClInclude>
    <ClInclude Include="src\ai\AIController.h">
      <Filter>src\ai</Filter>
    </ClInclude>
    <ClInclude Include="src\ai\AIMessage.h">
      <Filter>src\ai</Filter>
    </ClInclude>
    <ClInclude Include="src\ai\AIState.h">
      <Filter>src\ai</Filter>
    </ClInclude>
    <ClInclude Include="src\ai\AIStateMachine.h">
      <Filter>src\ai</Filter>
    </ClInclude>
    <ClInclude Include="src\animation\Animation.h">
      <Filter>src\animation</Filter>
    </ClInclude>
    <ClInclude Include="src\animation\AnimationClip.h">
      <Filter>src\animation</Filter>
    </ClInclude>
    <ClInclude Include="src\animation\AnimationController.h">
      <Filter>src\animation</Filter>
    </ClInclude>
    <ClInclude Include="src\animation\AnimationTarget.h">
      <Filter>src\animation</Filter>
    </ClInclude>
    <ClInclude Include="src\animation\AnimationValue.h">
      <Filter>src\animation</Filter>
    </ClInclude>
    <ClInclude Include="src\animation\Joint.h">
      <Filter>src\animation</Filter>
    </ClInclude>
    <ClInclude Include="src\audio\AudioBuffer.h">
      <Filter>src\audio</Filter>
    </ClInclude>
    <ClInclude Include="src\audio\AudioController.h">
      <Filter>src\audio</Filter>
    </ClInclude>
    <ClInclude Include="src\audio\AudioListener.h">
      <Filter>src\audio</Filter>
    </ClInclude>
    <ClInclude Include="src\audio\AudioSource.h">
      <Filter>src\audio</Filter>
    </ClInclude>
    <ClInclude Include="src\framework\Base.h">
      <Filter>src\framework</Filter>
    </ClInclude>
    <ClInclude Include="src\framework\FileSystem.h">
      <Filter>src\framework</Filter>
    </ClInclude>
    <ClInclude Include="src\framework\Game.h">
      <Filter>src\framework</Filter>
    </ClInclude>
    <ClInclude Include="src\framework\Platform.h">
      <Filter>src\framework</Filter>
    </ClInclude>
    <ClInclude Include="src\framework\ScreenDisplayer.h">
      <Filter>src\framework</Filter>
    </ClInclude>
    <ClInclude Include="src\framework\Stream.h">
      <Filter>src\framework</Filter>
    </ClInclude>
    <ClInclude Include="src\graphics\BoundingBox.h">
      <Filter>src\graphics</Filter>
    </ClInclude>
    <ClInclude Include="src\graphics\BoundingSphere.h">
      <Filter>src\graphics</Filter>
    </ClInclude>
    <ClInclude Include="src\graphics\Curve.h">
      <Filter>src\graphics</Filter>
    </ClInclude>
    <ClInclude Include="src\graphics\Drawable.h">
      <Filter>src\graphics</Filter>
    </ClInclude>
    <ClInclude Include="src\graphics\Effect.h">
      <Filter>src\graphics</Filter>
    </ClInclude>
    <ClInclude Include="src\graphics\Frustum.h">
      <Filter>src\graphics</Filter>
    </ClInclude>
    <ClInclude Include="src\graphics\HeightField.h">
      <Filter>src\graphics</Filter>
    </ClInclude>
    <ClInclude Include="src\graphics\Light.h">
      <Filter>src\graphics</Filter>
    </ClInclude>
    <ClInclude Include="src\graphics\Mesh.h">
      <Filter>src\graphics</Filter>
    </ClInclude>
    <ClInclude Include="src\graphics\MeshBatch.h">
      <Filter>src\graphics</Filter>
    </ClInclude>
    <ClInclude Include="src\graphics\MeshPart.h">
      <Filter>src\graphics</Filter>
    </ClInclude>
    <ClInclude Include="src\graphics\MeshSkin.h">
      <Filter>src\graphics</Filter>
    </ClInclude>
    <ClInclude Include="src\graphics\Model.h">
      <Filter>src\graphics</Filter>
    </ClInclude>
    <ClInclude Include="src\graphics\ParticleEmitter.h">
      <Filter>src\graphics</Filter>
    </ClInclude>
    <ClInclude Include="src\graphics\Plane.h">
      <Filter>src\graphics</Filter>
    </ClInclude>
    <ClInclude Include="src\graphics\Ray.h">
      <Filter>src\graphics</Filter>
    </ClInclude>
    <ClInclude Include="src\graphics\Rectangle.h">
      <Filter>src\graphics</Filter>
    </ClInclude>
    <ClInclude Include="src\graphics\Sprite.h">
      <Filter>src\graphics</Filter>
    </ClInclude>
    <ClInclude Include="src\graphics\SpriteBatch.h">
      <Filter>src\graphics</Filter>
    </ClInclude>
    <ClInclude Include="src\graphics\Terrain.h">
      <Filter>src\graphics</Filter>
    </ClInclude>
    <ClInclude Include="src\graphics\TerrainPatch.h">
      <Filter>src\graphics</Filter>
    </ClInclude>
    <ClInclude Include="src\graphics\TileSet.h">
      <Filter>src\graphics</Filter>
    </ClInclude>
    <ClInclude Include="src\input\Gamepad.h">
      <Filter>src\input</Filter>
    </ClInclude>
    <ClInclude Include="src\input\Gesture.h">
      <Filter>src\input</Filter>
    </ClInclude>
    <ClInclude Include="src\input\ImageControl.h">
      <Filter>src\input</Filter>
    </ClInclude>
    <ClInclude Include="src\input\JoystickControl.h">
      <Filter>src\input</Filter>
    </ClInclude>
    <ClInclude Include="src\input\Keyboard.h">
      <Filter>src\input</Filter>
    </ClInclude>
    <ClInclude Include="src\input\Mouse.h">
      <Filter>src\input</Filter>
    </ClInclude>
    <ClInclude Include="src\input\Touch.h">
      <Filter>src\input</Filter>
    </ClInclude>
    <ClInclude Include="src\math\MathUtil.h">
      <Filter>src\math</Filter>
    </ClInclude>
    <ClInclude Include="src\math\Matrix.h">
      <Filter>src\math</Filter>
    </ClInclude>
    <ClInclude Include="src\math\Quaternion.h">
      <Filter>src\math</Filter>
    </ClInclude>
    <ClInclude Include="src\math\Transform.h">
      <Filter>src\math</Filter>
    </ClInclude>
    <ClInclude Include="src\math\Vector2.h">
      <Filter>src\math</Filter>
    </ClInclude>
    <ClInclude Include="src\math\Vector3.h">
      <Filter>src\math</Filter>
    </ClInclude>
    <ClInclude Include="src\math\Vector4.h">
      <Filter>src\math</Filter>
    </ClInclude>
    <ClInclude Include="src\utils\DebugNew.h">
      <Filter>src\utils</Filter>
    </ClInclude>
    <ClInclude Include="src\utils\Logger.h">
      <Filter>src\utils</Filter>
    </ClInclude>
    <ClInclude Include="src\utils\Ref.h">
      <Filter>src\utils</Filter>
    </ClInclude>
    <ClInclude Include="src\ui\AbsoluteLayout.h">
      <Filter>src\ui</Filter>
    </ClInclude>
    <ClInclude Include="src\ui\Button.h">
      <Filter>src\ui</Filter>
    </ClInclude>
    <ClInclude Include="src\ui\CheckBox.h">
      <Filter>src\ui</Filter>
    </ClInclude>
    <ClInclude Include="src\ui\Container.h">
      <Filter>src\ui</Filter>
    </ClInclude>
    <ClInclude Include="src\ui\Control.h">
      <Filter>src\ui</Filter>
    </ClInclude>
    <ClInclude Include="src\ui\ControlFactory.h">
      <Filter>src\ui</Filter>
    </ClInclude>
    <ClInclude Include="src\ui\FlowLayout.h">
      <Filter>src\ui</Filter>
    </ClInclude>
    <ClInclude Include="src\ui\Form.h">
      <Filter>src\ui</Filter>
    </ClInclude>
    <ClInclude Include="src\ui\Image.h">
      <Filter>src\ui</Filter>
    </ClInclude>
    <ClInclude Include="src\ui\Label.h">
      <Filter>src\ui</Filter>
    </ClInclude>
    <ClInclude Include="src\ui\Layout.h">
      <Filter>src\ui</Filter>
    </ClInclude>
    <ClInclude Include="src\ui\RadioButton.h">
      <Filter>src\ui</Filter>
    </ClInclude>
    <ClInclude Include="src\ui\Slider.h">
      <Filter>src\ui</Filter>
    </ClInclude>
    <ClInclude Include="src\ui\TextBox.h">
      <Filter>src\ui</Filter>
    </ClInclude>
    <ClInclude Include="src\ui\Theme.h">
      <Filter>src\ui</Filter>
    </ClInclude>
    <ClInclude Include="src\ui\ThemeStyle.h">
      <Filter>src\ui</Filter>
    </ClInclude>
    <ClInclude Include="src\ui\VerticalLayout.h">
      <Filter>src\ui</Filter>
    </ClInclude>
    <ClInclude Include="src\scene\Bundle.h">
      <Filter>src\scene</Filter>
    </ClInclude>
    <ClInclude Include="src\scene\Node.h">
      <Filter>src\scene</Filter>
    </ClInclude>
    <ClInclude Include="src\scene\Properties.h">
      <Filter>src\scene</Filter>
    </ClInclude>
    <ClInclude Include="src\scene\Scene.h">
      <Filter>src\scene</Filter>
    </ClInclude>
    <ClInclude Include="src\scene\SceneLoader.h">
      <Filter>src\scene</Filter>
    </ClInclude>
    <ClInclude Include="src\physics\PhysicsCharacter.h">
      <Filter>src\physics</Filter>
    </ClInclude>
    <ClInclude Include="src\physics\PhysicsCollisionObject.h">
      <Filter>src\physics</Filter>
    </ClInclude>
    <ClInclude Include="src\physics\PhysicsCollisionShape.h">
      <Filter>src\physics</Filter>
    </ClInclude>
    <ClInclude Include="src\physics\PhysicsConstraint.h">
      <Filter>src\physics</Filter>
    </ClInclude>
    <ClInclude Include="src\physics\PhysicsController.h">
      <Filter>src\physics</Filter>
    </ClInclude>
    <ClInclude Include="src\physics\PhysicsFixedConstraint.h">
      <Filter>src\physics</Filter>
    </ClInclude>
    <ClInclude Include="src\physics\PhysicsGenericConstraint.h">
      <Filter>src\physics</Filter>
    </ClInclude>
    <ClInclude Include="src\physics\PhysicsGhostObject.h">
      <Filter>src\physics</Filter>
    </ClInclude>
    <ClInclude Include="src\physics\PhysicsHingeConstraint.h">
      <Filter>src\physics</Filter>
    </ClInclude>
    <ClInclude Include="src\physics\PhysicsRigidBody.h">
      <Filter>src\physics</Filter>
    </ClInclude>
    <ClInclude Include="src\physics\PhysicsSocketConstraint.h">
      <Filter>src\physics</Filter>
    </ClInclude>
    <ClInclude Include="src\physics\PhysicsSpringConstraint.h">
      <Filter>src\physics</Filter>
    </ClInclude>
    <ClInclude Include="src\physics\PhysicsVehicle.h">
      <Filter>src\physics</Filter>
    </ClInclude>
    <ClInclude Include="src\physics\PhysicsVehicleWheel.h">
      <Filter>src\physics</Filter>
    </ClInclude>
    <ClInclude Include="src\gameplay.h">
      <Filter>src</Filter>
    </ClInclude>
    <ClInclude Include="src\scripting\Script.h">
      <Filter>src\scripting</Filter>
    </ClInclude>
    <ClInclude Include="src\scripting\ScriptController.h">
      <Filter>src\scripting</Filter>
    </ClInclude>
    <ClInclude Include="src\scripting\ScriptTarget.h">
      <Filter>src\scripting</Filter>
    </ClInclude>
    <ClInclude Include="src\utils\TimeListener.h">
      <Filter>src\utils</Filter>
    </ClInclude>
    <ClInclude Include="src\renderer\Camera.h">
      <Filter>src\renderer</Filter>
    </ClInclude>
    <ClInclude Include="src\renderer\DepthStencilTarget.h">
      <Filter>src\renderer</Filter>
    </ClInclude>
    <ClInclude Include="src\renderer\FrameBuffer.h">
      <Filter>src\renderer</Filter>
    </ClInclude>
    <ClInclude Include="src\renderer\Material.h">
      <Filter>src\renderer</Filter>
    </ClInclude>
    <ClInclude Include="src\renderer\MaterialParameter.h">
      <Filter>src\renderer</Filter>
    </ClInclude>
    <ClInclude Include="src\renderer\Pass.h">
      <Filter>src\renderer</Filter>
    </ClInclude>
    <ClInclude Include="src\renderer\Technique.h">
      <Filter>src\renderer</Filter>
    </ClInclude>
    <ClInclude Include="src\renderer\Text.h">
      <Filter>src\renderer</Filter>
    </ClInclude>
    <ClInclude Include="src\renderer\Texture.h">
      <Filter>src\renderer</Filter>
    </ClInclude>
    <ClInclude Include="src\renderer\VertexAttributeBinding.h">
      <Filter>src\renderer</Filter>
    </ClInclude>
    <ClInclude Include="src\renderer\VertexFormat.h">
      <Filter>src\renderer</Filter>
    </ClInclude>
    <ClInclude Include="src\renderer\RenderState.h">
      <Filter>src\renderer</Filter>
    </ClInclude>
    <ClInclude Include="src\renderer\RenderTarget.h">
      <Filter>src\renderer</Filter>
    </ClInclude>
    <ClInclude Include="src\renderer\Font.h">
      <Filter>src\renderer</Filter>
    </ClInclude>
    <ClInclude Include="Profiler.h">
      <Filter>src\utils</Filter>
    </ClInclude>
  </ItemGroup>
</Project>